
Microsoft Visual Studio Solution File, Format Version 12.00
# Visual Studio Version 16
VisualStudioVersion = 25.0.1706.8
MinimumVisualStudioVersion = 10.0.40219.1
Project("{FAE04EC0-301F-11D3-BF4B-00C04F79EFBC}") = "Assignment 1", "Assignment 1\Assignment 1.csproj", "{53890EBF-DCF5-484C-A9CD-3EF53F6E7B75}"
EndProject
Global
	GlobalSection(SolutionConfigurationPlatforms) = preSolution
		Debug|Any CPU = Debug|Any CPU
		Release|Any CPU = Release|Any CPU
	EndGlobalSection
	GlobalSection(ProjectConfigurationPlatforms) = postSolution
		{53890EBF-DCF5-484C-A9CD-3EF53F6E7B75}.Debug|Any CPU.ActiveCfg = Debug|Any CPU
		{53890EBF-DCF5-484C-A9CD-3EF53F6E7B75}.Debug|Any CPU.Build.0 = Debug|Any CPU
		{53890EBF-DCF5-484C-A9CD-3EF53F6E7B75}.Release|Any CPU.ActiveCfg = Release|Any CPU
		{53890EBF-DCF5-484C-A9CD-3EF53F6E7B75}.Release|Any CPU.Build.0 = Release|Any CPU
	EndGlobalSection
	GlobalSection(SolutionProperties) = preSolution
		HideSolutionNode = FALSE
	EndGlobalSection
	GlobalSection(ExtensibilityGlobals) = postSolution
		SolutionGuid = {C3D29DC3-6A74-445A-91EA-BF9249170190}
	EndGlobalSection
EndGlobal
