
Microsoft Visual Studio Solution File, Format Version 12.00
# Visual Studio Version 16
VisualStudioVersion = 25.0.1706.8
MinimumVisualStudioVersion = 10.0.40219.1
Project("{FAE04EC0-301F-11D3-BF4B-00C04F79EFBC}") = "Assignment 1", "Assignment 1.csproj", "{BC2FEEE6-24EB-472B-ABCF-6A0744F5A895}"
EndProject
Global
	GlobalSection(SolutionConfigurationPlatforms) = preSolution
		Debug|Any CPU = Debug|Any CPU
		Release|Any CPU = Release|Any CPU
	EndGlobalSection
	GlobalSection(ProjectConfigurationPlatforms) = postSolution
		{BC2FEEE6-24EB-472B-ABCF-6A0744F5A895}.Debug|Any CPU.ActiveCfg = Debug|Any CPU
		{BC2FEEE6-24EB-472B-ABCF-6A0744F5A895}.Debug|Any CPU.Build.0 = Debug|Any CPU
		{BC2FEEE6-24EB-472B-ABCF-6A0744F5A895}.Release|Any CPU.ActiveCfg = Release|Any CPU
		{BC2FEEE6-24EB-472B-ABCF-6A0744F5A895}.Release|Any CPU.Build.0 = Release|Any CPU
	EndGlobalSection
	GlobalSection(SolutionProperties) = preSolution
		HideSolutionNode = FALSE
	EndGlobalSection
	GlobalSection(ExtensibilityGlobals) = postSolution
		SolutionGuid = {37E02CAE-A111-4279-91C1-BEE935E8C114}
	EndGlobalSection
EndGlobal
